
Microsoft Visual Studio Solution File, Format Version 12.00
# Visual Studio Version 16
VisualStudioVersion = 16.0.29519.181
MinimumVisualStudioVersion = 10.0.40219.1
Project("{9A19103F-16F7-4668-BE54-9A1E7A4F7556}") = "SynChecker", "SynChecker\SynChecker.csproj", "{0F648D9E-ACDB-4DAC-9BD2-DB4467DE272D}"
EndProject
Project("{2150E333-8FDC-42A3-9474-1A3956D46DE8}") = "Libraries", "Libraries", "{CB322FB5-FC58-4BA7-8C74-CCDFD31437F4}"
EndProject
Project("{FAE04EC0-301F-11D3-BF4B-00C04F79EFBC}") = "SynTechProvider", "libraries\SynTechProvider\SynTechProvider.csproj", "{308EC002-9589-40D4-BA50-C6F653CE0160}"
EndProject
Project("{FAE04EC0-301F-11D3-BF4B-00C04F79EFBC}") = "BeingIT.Syntech.API", "libraries\BeingIT.Syntech.API\BeingIT.Syntech.API.csproj", "{A4702FB7-11CE-44E0-8475-F0EE8FB4D626}"
EndProject
Global
	GlobalSection(SolutionConfigurationPlatforms) = preSolution
		Debug|Any CPU = Debug|Any CPU
		Release|Any CPU = Release|Any CPU
	EndGlobalSection
	GlobalSection(ProjectConfigurationPlatforms) = postSolution
		{0F648D9E-ACDB-4DAC-9BD2-DB4467DE272D}.Debug|Any CPU.ActiveCfg = Debug|Any CPU
		{0F648D9E-ACDB-4DAC-9BD2-DB4467DE272D}.Debug|Any CPU.Build.0 = Debug|Any CPU
		{0F648D9E-ACDB-4DAC-9BD2-DB4467DE272D}.Release|Any CPU.ActiveCfg = Release|Any CPU
		{0F648D9E-ACDB-4DAC-9BD2-DB4467DE272D}.Release|Any CPU.Build.0 = Release|Any CPU
		{308EC002-9589-40D4-BA50-C6F653CE0160}.Debug|Any CPU.ActiveCfg = Debug|Any CPU
		{308EC002-9589-40D4-BA50-C6F653CE0160}.Debug|Any CPU.Build.0 = Debug|Any CPU
		{308EC002-9589-40D4-BA50-C6F653CE0160}.Release|Any CPU.ActiveCfg = Release|Any CPU
		{308EC002-9589-40D4-BA50-C6F653CE0160}.Release|Any CPU.Build.0 = Release|Any CPU
		{A4702FB7-11CE-44E0-8475-F0EE8FB4D626}.Debug|Any CPU.ActiveCfg = Debug|Any CPU
		{A4702FB7-11CE-44E0-8475-F0EE8FB4D626}.Debug|Any CPU.Build.0 = Debug|Any CPU
		{A4702FB7-11CE-44E0-8475-F0EE8FB4D626}.Release|Any CPU.ActiveCfg = Release|Any CPU
		{A4702FB7-11CE-44E0-8475-F0EE8FB4D626}.Release|Any CPU.Build.0 = Release|Any CPU
	EndGlobalSection
	GlobalSection(SolutionProperties) = preSolution
		HideSolutionNode = FALSE
	EndGlobalSection
	GlobalSection(NestedProjects) = preSolution
		{308EC002-9589-40D4-BA50-C6F653CE0160} = {CB322FB5-FC58-4BA7-8C74-CCDFD31437F4}
		{A4702FB7-11CE-44E0-8475-F0EE8FB4D626} = {CB322FB5-FC58-4BA7-8C74-CCDFD31437F4}
	EndGlobalSection
	GlobalSection(ExtensibilityGlobals) = postSolution
		SolutionGuid = {122291F2-7A52-4BF8-8D93-836C864FD68B}
	EndGlobalSection
EndGlobal
